// !$*UTF8*$!
{
	archiveVersion = 1;
	classes = {
	};
	objectVersion = 50;
	objects = {

/* Begin PBXBuildFile section */
		825158137D1ADF696F4A7C2B /* Pods_ChallengeApp.framework in Frameworks */ = {isa = PBXBuildFile; fileRef = 8E9B0B49610475A17966C314 /* Pods_ChallengeApp.framework */; };
		BFC191982224CC3F002B6BA6 /* Open_Sans in Resources */ = {isa = PBXBuildFile; fileRef = BFC191972224CC3F002B6BA6 /* Open_Sans */; };
		ED89E30F2224526F005D93DD /* AppDelegate.swift in Sources */ = {isa = PBXBuildFile; fileRef = ED89E30E2224526F005D93DD /* AppDelegate.swift */; };
		ED89E3112224526F005D93DD /* ViewController.swift in Sources */ = {isa = PBXBuildFile; fileRef = ED89E3102224526F005D93DD /* ViewController.swift */; };
		ED89E3142224526F005D93DD /* Main.storyboard in Resources */ = {isa = PBXBuildFile; fileRef = ED89E3122224526F005D93DD /* Main.storyboard */; };
		ED89E31622245270005D93DD /* Assets.xcassets in Resources */ = {isa = PBXBuildFile; fileRef = ED89E31522245270005D93DD /* Assets.xcassets */; };
		ED89E31922245270005D93DD /* LaunchScreen.storyboard in Resources */ = {isa = PBXBuildFile; fileRef = ED89E31722245270005D93DD /* LaunchScreen.storyboard */; };
		ED89E32422245270005D93DD /* ChallengeAppTests.swift in Sources */ = {isa = PBXBuildFile; fileRef = ED89E32322245270005D93DD /* ChallengeAppTests.swift */; };
		ED89E32F22245270005D93DD /* ChallengeAppUITests.swift in Sources */ = {isa = PBXBuildFile; fileRef = ED89E32E22245270005D93DD /* ChallengeAppUITests.swift */; };
		ED89E342222475D3005D93DD /* BaseView.swift in Sources */ = {isa = PBXBuildFile; fileRef = ED89E341222475D3005D93DD /* BaseView.swift */; };
		ED89E3462224768C005D93DD /* DetailsView.swift in Sources */ = {isa = PBXBuildFile; fileRef = ED89E3452224768C005D93DD /* DetailsView.swift */; };
		ED89E348222486A1005D93DD /* DetailsViewController.swift in Sources */ = {isa = PBXBuildFile; fileRef = ED89E347222486A1005D93DD /* DetailsViewController.swift */; };
		ED89E34C22248834005D93DD /* ListViewController.swift in Sources */ = {isa = PBXBuildFile; fileRef = ED89E34B22248834005D93DD /* ListViewController.swift */; };
		ED89E35022248952005D93DD /* RestaurantCollectionViewCell.swift in Sources */ = {isa = PBXBuildFile; fileRef = ED89E34F22248952005D93DD /* RestaurantCollectionViewCell.swift */; };
		ED89E35222248ECA005D93DD /* FirstView.swift in Sources */ = {isa = PBXBuildFile; fileRef = ED89E35122248ECA005D93DD /* FirstView.swift */; };
		ED89E35422248EF9005D93DD /* SecondView.swift in Sources */ = {isa = PBXBuildFile; fileRef = ED89E35322248EF9005D93DD /* SecondView.swift */; };
		ED89E35922249BC4005D93DD /* Podfile in Resources */ = {isa = PBXBuildFile; fileRef = ED89E35822249BC4005D93DD /* Podfile */; };
		ED89E35C2224A203005D93DD /* NetworkServices.swift in Sources */ = {isa = PBXBuildFile; fileRef = ED89E35B2224A203005D93DD /* NetworkServices.swift */; };
		ED89E35E2224AB61005D93DD /* Models.swift in Sources */ = {isa = PBXBuildFile; fileRef = ED89E35D2224AB61005D93DD /* Models.swift */; };
/* End PBXBuildFile section */

/* Begin PBXContainerItemProxy section */
		ED89E32022245270005D93DD /* PBXContainerItemProxy */ = {
			isa = PBXContainerItemProxy;
			containerPortal = ED89E3032224526F005D93DD /* Project object */;
			proxyType = 1;
			remoteGlobalIDString = ED89E30A2224526F005D93DD;
			remoteInfo = ChallengeApp;
		};
		ED89E32B22245270005D93DD /* PBXContainerItemProxy */ = {
			isa = PBXContainerItemProxy;
			containerPortal = ED89E3032224526F005D93DD /* Project object */;
			proxyType = 1;
			remoteGlobalIDString = ED89E30A2224526F005D93DD;
			remoteInfo = ChallengeApp;
		};
/* End PBXContainerItemProxy section */

/* Begin PBXFileReference section */
		81A4B63F63A13C5D6FBFEB98 /* Pods-ChallengeApp.debug.xcconfig */ = {isa = PBXFileReference; includeInIndex = 1; lastKnownFileType = text.xcconfig; name = "Pods-ChallengeApp.debug.xcconfig"; path = "Target Support Files/Pods-ChallengeApp/Pods-ChallengeApp.debug.xcconfig"; sourceTree = "<group>"; };
		8E9B0B49610475A17966C314 /* Pods_ChallengeApp.framework */ = {isa = PBXFileReference; explicitFileType = wrapper.framework; includeInIndex = 0; path = Pods_ChallengeApp.framework; sourceTree = BUILT_PRODUCTS_DIR; };
		BFC191972224CC3F002B6BA6 /* Open_Sans */ = {isa = PBXFileReference; lastKnownFileType = folder; name = Open_Sans; path = ../../../../../../Downloads/Open_Sans; sourceTree = "<group>"; };
		E76328F7280F4540A928DAD7 /* Pods-ChallengeApp.release.xcconfig */ = {isa = PBXFileReference; includeInIndex = 1; lastKnownFileType = text.xcconfig; name = "Pods-ChallengeApp.release.xcconfig"; path = "Target Support Files/Pods-ChallengeApp/Pods-ChallengeApp.release.xcconfig"; sourceTree = "<group>"; };
		ED89E30B2224526F005D93DD /* ChallengeApp.app */ = {isa = PBXFileReference; explicitFileType = wrapper.application; includeInIndex = 0; path = ChallengeApp.app; sourceTree = BUILT_PRODUCTS_DIR; };
		ED89E30E2224526F005D93DD /* AppDelegate.swift */ = {isa = PBXFileReference; lastKnownFileType = sourcecode.swift; path = AppDelegate.swift; sourceTree = "<group>"; };
		ED89E3102224526F005D93DD /* ViewController.swift */ = {isa = PBXFileReference; lastKnownFileType = sourcecode.swift; path = ViewController.swift; sourceTree = "<group>"; };
		ED89E3132224526F005D93DD /* Base */ = {isa = PBXFileReference; lastKnownFileType = file.storyboard; name = Base; path = Base.lproj/Main.storyboard; sourceTree = "<group>"; };
		ED89E31522245270005D93DD /* Assets.xcassets */ = {isa = PBXFileReference; lastKnownFileType = folder.assetcatalog; path = Assets.xcassets; sourceTree = "<group>"; };
		ED89E31822245270005D93DD /* Base */ = {isa = PBXFileReference; lastKnownFileType = file.storyboard; name = Base; path = Base.lproj/LaunchScreen.storyboard; sourceTree = "<group>"; };
		ED89E31A22245270005D93DD /* Info.plist */ = {isa = PBXFileReference; lastKnownFileType = text.plist.xml; path = Info.plist; sourceTree = "<group>"; };
		ED89E31F22245270005D93DD /* ChallengeAppTests.xctest */ = {isa = PBXFileReference; explicitFileType = wrapper.cfbundle; includeInIndex = 0; path = ChallengeAppTests.xctest; sourceTree = BUILT_PRODUCTS_DIR; };
		ED89E32322245270005D93DD /* ChallengeAppTests.swift */ = {isa = PBXFileReference; lastKnownFileType = sourcecode.swift; path = ChallengeAppTests.swift; sourceTree = "<group>"; };
		ED89E32522245270005D93DD /* Info.plist */ = {isa = PBXFileReference; lastKnownFileType = text.plist.xml; path = Info.plist; sourceTree = "<group>"; };
		ED89E32A22245270005D93DD /* ChallengeAppUITests.xctest */ = {isa = PBXFileReference; explicitFileType = wrapper.cfbundle; includeInIndex = 0; path = ChallengeAppUITests.xctest; sourceTree = BUILT_PRODUCTS_DIR; };
		ED89E32E22245270005D93DD /* ChallengeAppUITests.swift */ = {isa = PBXFileReference; lastKnownFileType = sourcecode.swift; path = ChallengeAppUITests.swift; sourceTree = "<group>"; };
		ED89E33022245270005D93DD /* Info.plist */ = {isa = PBXFileReference; lastKnownFileType = text.plist.xml; path = Info.plist; sourceTree = "<group>"; };
		ED89E341222475D3005D93DD /* BaseView.swift */ = {isa = PBXFileReference; lastKnownFileType = sourcecode.swift; path = BaseView.swift; sourceTree = "<group>"; };
		ED89E3452224768C005D93DD /* DetailsView.swift */ = {isa = PBXFileReference; lastKnownFileType = sourcecode.swift; path = DetailsView.swift; sourceTree = "<group>"; };
		ED89E347222486A1005D93DD /* DetailsViewController.swift */ = {isa = PBXFileReference; lastKnownFileType = sourcecode.swift; path = DetailsViewController.swift; sourceTree = "<group>"; };
		ED89E34B22248834005D93DD /* ListViewController.swift */ = {isa = PBXFileReference; lastKnownFileType = sourcecode.swift; path = ListViewController.swift; sourceTree = "<group>"; };
		ED89E34F22248952005D93DD /* RestaurantCollectionViewCell.swift */ = {isa = PBXFileReference; lastKnownFileType = sourcecode.swift; path = RestaurantCollectionViewCell.swift; sourceTree = "<group>"; };
		ED89E35122248ECA005D93DD /* FirstView.swift */ = {isa = PBXFileReference; lastKnownFileType = sourcecode.swift; path = FirstView.swift; sourceTree = "<group>"; };
		ED89E35322248EF9005D93DD /* SecondView.swift */ = {isa = PBXFileReference; lastKnownFileType = sourcecode.swift; path = SecondView.swift; sourceTree = "<group>"; };
		ED89E35822249BC4005D93DD /* Podfile */ = {isa = PBXFileReference; lastKnownFileType = text; path = Podfile; sourceTree = "<group>"; };
		ED89E35B2224A203005D93DD /* NetworkServices.swift */ = {isa = PBXFileReference; lastKnownFileType = sourcecode.swift; path = NetworkServices.swift; sourceTree = "<group>"; };
		ED89E35D2224AB61005D93DD /* Models.swift */ = {isa = PBXFileReference; lastKnownFileType = sourcecode.swift; path = Models.swift; sourceTree = "<group>"; };
/* End PBXFileReference section */

/* Begin PBXFrameworksBuildPhase section */
		ED89E3082224526F005D93DD /* Frameworks */ = {
			isa = PBXFrameworksBuildPhase;
			buildActionMask = 2147483647;
			files = (
				825158137D1ADF696F4A7C2B /* Pods_ChallengeApp.framework in Frameworks */,
			);
			runOnlyForDeploymentPostprocessing = 0;
		};
		ED89E31C22245270005D93DD /* Frameworks */ = {
			isa = PBXFrameworksBuildPhase;
			buildActionMask = 2147483647;
			files = (
			);
			runOnlyForDeploymentPostprocessing = 0;
		};
		ED89E32722245270005D93DD /* Frameworks */ = {
			isa = PBXFrameworksBuildPhase;
			buildActionMask = 2147483647;
			files = (
			);
			runOnlyForDeploymentPostprocessing = 0;
		};
/* End PBXFrameworksBuildPhase section */

/* Begin PBXGroup section */
		29132E2A44AECACFEC0B855D /* Frameworks */ = {
			isa = PBXGroup;
			children = (
				8E9B0B49610475A17966C314 /* Pods_ChallengeApp.framework */,
			);
			name = Frameworks;
			sourceTree = "<group>";
		};
		A2A8F1B2B4B6F46A773FF640 /* Pods */ = {
			isa = PBXGroup;
			children = (
				81A4B63F63A13C5D6FBFEB98 /* Pods-ChallengeApp.debug.xcconfig */,
				E76328F7280F4540A928DAD7 /* Pods-ChallengeApp.release.xcconfig */,
			);
			path = Pods;
			sourceTree = "<group>";
		};
		ED89E3022224526F005D93DD = {
			isa = PBXGroup;
			children = (
				ED89E35822249BC4005D93DD /* Podfile */,
				BFC191972224CC3F002B6BA6 /* Open_Sans */,
				ED89E30D2224526F005D93DD /* ChallengeApp */,
				ED89E32222245270005D93DD /* ChallengeAppTests */,
				ED89E32D22245270005D93DD /* ChallengeAppUITests */,
				ED89E30C2224526F005D93DD /* Products */,
				A2A8F1B2B4B6F46A773FF640 /* Pods */,
				29132E2A44AECACFEC0B855D /* Frameworks */,
			);
			sourceTree = "<group>";
		};
		ED89E30C2224526F005D93DD /* Products */ = {
			isa = PBXGroup;
			children = (
				ED89E30B2224526F005D93DD /* ChallengeApp.app */,
				ED89E31F22245270005D93DD /* ChallengeAppTests.xctest */,
				ED89E32A22245270005D93DD /* ChallengeAppUITests.xctest */,
			);
			name = Products;
			sourceTree = "<group>";
		};
		ED89E30D2224526F005D93DD /* ChallengeApp */ = {
			isa = PBXGroup;
			children = (
				ED89E35A2224A1F3005D93DD /* Services */,
				ED89E34022247590005D93DD /* Screens */,
				ED89E30E2224526F005D93DD /* AppDelegate.swift */,
				ED89E3102224526F005D93DD /* ViewController.swift */,
				ED89E3122224526F005D93DD /* Main.storyboard */,
				ED89E31522245270005D93DD /* Assets.xcassets */,
				ED89E31722245270005D93DD /* LaunchScreen.storyboard */,
				ED89E31A22245270005D93DD /* Info.plist */,
			);
			path = ChallengeApp;
			sourceTree = "<group>";
		};
		ED89E32222245270005D93DD /* ChallengeAppTests */ = {
			isa = PBXGroup;
			children = (
				ED89E32322245270005D93DD /* ChallengeAppTests.swift */,
				ED89E32522245270005D93DD /* Info.plist */,
			);
			path = ChallengeAppTests;
			sourceTree = "<group>";
		};
		ED89E32D22245270005D93DD /* ChallengeAppUITests */ = {
			isa = PBXGroup;
			children = (
				ED89E32E22245270005D93DD /* ChallengeAppUITests.swift */,
				ED89E33022245270005D93DD /* Info.plist */,
			);
			path = ChallengeAppUITests;
			sourceTree = "<group>";
		};
		ED89E34022247590005D93DD /* Screens */ = {
			isa = PBXGroup;
			children = (
				ED89E34922248707005D93DD /* List */,
				ED89E34322247654005D93DD /* Details */,
				ED89E341222475D3005D93DD /* BaseView.swift */,
			);
			path = Screens;
			sourceTree = "<group>";
		};
		ED89E34322247654005D93DD /* Details */ = {
			isa = PBXGroup;
			children = (
				ED89E34422247665005D93DD /* Views */,
				ED89E347222486A1005D93DD /* DetailsViewController.swift */,
			);
			path = Details;
			sourceTree = "<group>";
		};
		ED89E34422247665005D93DD /* Views */ = {
			isa = PBXGroup;
			children = (
				ED89E3452224768C005D93DD /* DetailsView.swift */,
				ED89E35122248ECA005D93DD /* FirstView.swift */,
				ED89E35322248EF9005D93DD /* SecondView.swift */,
			);
			path = Views;
			sourceTree = "<group>";
		};
		ED89E34922248707005D93DD /* List */ = {
			isa = PBXGroup;
			children = (
				ED89E34A22248828005D93DD /* Views */,
				ED89E34B22248834005D93DD /* ListViewController.swift */,
				ED89E35D2224AB61005D93DD /* Models.swift */,
			);
			path = List;
			sourceTree = "<group>";
		};
		ED89E34A22248828005D93DD /* Views */ = {
			isa = PBXGroup;
			children = (
				ED89E34F22248952005D93DD /* RestaurantCollectionViewCell.swift */,
			);
			path = Views;
			sourceTree = "<group>";
		};
		ED89E35A2224A1F3005D93DD /* Services */ = {
			isa = PBXGroup;
			children = (
				ED89E35B2224A203005D93DD /* NetworkServices.swift */,
			);
			path = Services;
			sourceTree = "<group>";
		};
/* End PBXGroup section */

/* Begin PBXNativeTarget section */
		ED89E30A2224526F005D93DD /* ChallengeApp */ = {
			isa = PBXNativeTarget;
			buildConfigurationList = ED89E33322245270005D93DD /* Build configuration list for PBXNativeTarget "ChallengeApp" */;
			buildPhases = (
				9187AD19BF0CFD9C35115D6D /* [CP] Check Pods Manifest.lock */,
				ED89E3072224526F005D93DD /* Sources */,
				ED89E3082224526F005D93DD /* Frameworks */,
				ED89E3092224526F005D93DD /* Resources */,
				422CCE15DDE6D06561F1E88E /* [CP] Embed Pods Frameworks */,
			);
			buildRules = (
			);
			dependencies = (
			);
			name = ChallengeApp;
			productName = ChallengeApp;
			productReference = ED89E30B2224526F005D93DD /* ChallengeApp.app */;
			productType = "com.apple.product-type.application";
		};
		ED89E31E22245270005D93DD /* ChallengeAppTests */ = {
			isa = PBXNativeTarget;
			buildConfigurationList = ED89E33622245270005D93DD /* Build configuration list for PBXNativeTarget "ChallengeAppTests" */;
			buildPhases = (
				ED89E31B22245270005D93DD /* Sources */,
				ED89E31C22245270005D93DD /* Frameworks */,
				ED89E31D22245270005D93DD /* Resources */,
			);
			buildRules = (
			);
			dependencies = (
				ED89E32122245270005D93DD /* PBXTargetDependency */,
			);
			name = ChallengeAppTests;
			productName = ChallengeAppTests;
			productReference = ED89E31F22245270005D93DD /* ChallengeAppTests.xctest */;
			productType = "com.apple.product-type.bundle.unit-test";
		};
		ED89E32922245270005D93DD /* ChallengeAppUITests */ = {
			isa = PBXNativeTarget;
			buildConfigurationList = ED89E33922245270005D93DD /* Build configuration list for PBXNativeTarget "ChallengeAppUITests" */;
			buildPhases = (
				ED89E32622245270005D93DD /* Sources */,
				ED89E32722245270005D93DD /* Frameworks */,
				ED89E32822245270005D93DD /* Resources */,
			);
			buildRules = (
			);
			dependencies = (
				ED89E32C22245270005D93DD /* PBXTargetDependency */,
			);
			name = ChallengeAppUITests;
			productName = ChallengeAppUITests;
			productReference = ED89E32A22245270005D93DD /* ChallengeAppUITests.xctest */;
			productType = "com.apple.product-type.bundle.ui-testing";
		};
/* End PBXNativeTarget section */

/* Begin PBXProject section */
		ED89E3032224526F005D93DD /* Project object */ = {
			isa = PBXProject;
			attributes = {
				LastSwiftUpdateCheck = 1010;
				LastUpgradeCheck = 1010;
				ORGANIZATIONNAME = "Ana Leticia Camargos";
				TargetAttributes = {
					ED89E30A2224526F005D93DD = {
						CreatedOnToolsVersion = 10.1;
					};
					ED89E31E22245270005D93DD = {
						CreatedOnToolsVersion = 10.1;
						TestTargetID = ED89E30A2224526F005D93DD;
					};
					ED89E32922245270005D93DD = {
						CreatedOnToolsVersion = 10.1;
						TestTargetID = ED89E30A2224526F005D93DD;
					};
				};
			};
			buildConfigurationList = ED89E3062224526F005D93DD /* Build configuration list for PBXProject "ChallengeApp" */;
			compatibilityVersion = "Xcode 9.3";
			developmentRegion = en;
			hasScannedForEncodings = 0;
			knownRegions = (
				en,
				Base,
			);
			mainGroup = ED89E3022224526F005D93DD;
			productRefGroup = ED89E30C2224526F005D93DD /* Products */;
			projectDirPath = "";
			projectRoot = "";
			targets = (
				ED89E30A2224526F005D93DD /* ChallengeApp */,
				ED89E31E22245270005D93DD /* ChallengeAppTests */,
				ED89E32922245270005D93DD /* ChallengeAppUITests */,
			);
		};
/* End PBXProject section */

/* Begin PBXResourcesBuildPhase section */
		ED89E3092224526F005D93DD /* Resources */ = {
			isa = PBXResourcesBuildPhase;
			buildActionMask = 2147483647;
			files = (
				ED89E35922249BC4005D93DD /* Podfile in Resources */,
				ED89E31922245270005D93DD /* LaunchScreen.storyboard in Resources */,
				ED89E31622245270005D93DD /* Assets.xcassets in Resources */,
				ED89E3142224526F005D93DD /* Main.storyboard in Resources */,
				BFC191982224CC3F002B6BA6 /* Open_Sans in Resources */,
			);
			runOnlyForDeploymentPostprocessing = 0;
		};
		ED89E31D22245270005D93DD /* Resources */ = {
			isa = PBXResourcesBuildPhase;
			buildActionMask = 2147483647;
			files = (
			);
			runOnlyForDeploymentPostprocessing = 0;
		};
		ED89E32822245270005D93DD /* Resources */ = {
			isa = PBXResourcesBuildPhase;
			buildActionMask = 2147483647;
			files = (
			);
			runOnlyForDeploymentPostprocessing = 0;
		};
/* End PBXResourcesBuildPhase section */

/* Begin PBXShellScriptBuildPhase section */
		422CCE15DDE6D06561F1E88E /* [CP] Embed Pods Frameworks */ = {
			isa = PBXShellScriptBuildPhase;
			buildActionMask = 2147483647;
			files = (
			);
			inputFileListPaths = (
			);
			inputPaths = (
				"${PODS_ROOT}/Target Support Files/Pods-ChallengeApp/Pods-ChallengeApp-frameworks.sh",
				"${BUILT_PRODUCTS_DIR}/Alamofire/Alamofire.framework",
				"${BUILT_PRODUCTS_DIR}/AlamofireImage/AlamofireImage.framework",
				"${BUILT_PRODUCTS_DIR}/Moya/Moya.framework",
				"${BUILT_PRODUCTS_DIR}/Result/Result.framework",
			);
			name = "[CP] Embed Pods Frameworks";
			outputFileListPaths = (
			);
			outputPaths = (
				"${TARGET_BUILD_DIR}/${FRAMEWORKS_FOLDER_PATH}/Alamofire.framework",
				"${TARGET_BUILD_DIR}/${FRAMEWORKS_FOLDER_PATH}/AlamofireImage.framework",
				"${TARGET_BUILD_DIR}/${FRAMEWORKS_FOLDER_PATH}/Moya.framework",
				"${TARGET_BUILD_DIR}/${FRAMEWORKS_FOLDER_PATH}/Result.framework",
			);
			runOnlyForDeploymentPostprocessing = 0;
			shellPath = /bin/sh;
			shellScript = "\"${PODS_ROOT}/Target Support Files/Pods-ChallengeApp/Pods-ChallengeApp-frameworks.sh\"\n";
			showEnvVarsInLog = 0;
		};
		9187AD19BF0CFD9C35115D6D /* [CP] Check Pods Manifest.lock */ = {
			isa = PBXShellScriptBuildPhase;
			buildActionMask = 2147483647;
			files = (
			);
			inputFileListPaths = (
			);
			inputPaths = (
				"${PODS_PODFILE_DIR_PATH}/Podfile.lock",
				"${PODS_ROOT}/Manifest.lock",
			);
			name = "[CP] Check Pods Manifest.lock";
			outputFileListPaths = (
			);
			outputPaths = (
				"$(DERIVED_FILE_DIR)/Pods-ChallengeApp-checkManifestLockResult.txt",
			);
			runOnlyForDeploymentPostprocessing = 0;
			shellPath = /bin/sh;
			shellScript = "diff \"${PODS_PODFILE_DIR_PATH}/Podfile.lock\" \"${PODS_ROOT}/Manifest.lock\" > /dev/null\nif [ $? != 0 ] ; then\n    # print error to STDERR\n    echo \"error: The sandbox is not in sync with the Podfile.lock. Run 'pod install' or update your CocoaPods installation.\" >&2\n    exit 1\nfi\n# This output is used by Xcode 'outputs' to avoid re-running this script phase.\necho \"SUCCESS\" > \"${SCRIPT_OUTPUT_FILE_0}\"\n";
			showEnvVarsInLog = 0;
		};
/* End PBXShellScriptBuildPhase section */

/* Begin PBXSourcesBuildPhase section */
		ED89E3072224526F005D93DD /* Sources */ = {
			isa = PBXSourcesBuildPhase;
			buildActionMask = 2147483647;
			files = (
				ED89E35E2224AB61005D93DD /* Models.swift in Sources */,
				ED89E35C2224A203005D93DD /* NetworkServices.swift in Sources */,
				ED89E3462224768C005D93DD /* DetailsView.swift in Sources */,
				ED89E342222475D3005D93DD /* BaseView.swift in Sources */,
				ED89E34C22248834005D93DD /* ListViewController.swift in Sources */,
				ED89E35422248EF9005D93DD /* SecondView.swift in Sources */,
				ED89E3112224526F005D93DD /* ViewController.swift in Sources */,
				ED89E30F2224526F005D93DD /* AppDelegate.swift in Sources */,
				ED89E35222248ECA005D93DD /* FirstView.swift in Sources */,
				ED89E348222486A1005D93DD /* DetailsViewController.swift in Sources */,
				ED89E35022248952005D93DD /* RestaurantCollectionViewCell.swift in Sources */,
			);
			runOnlyForDeploymentPostprocessing = 0;
		};
		ED89E31B22245270005D93DD /* Sources */ = {
			isa = PBXSourcesBuildPhase;
			buildActionMask = 2147483647;
			files = (
				ED89E32422245270005D93DD /* ChallengeAppTests.swift in Sources */,
			);
			runOnlyForDeploymentPostprocessing = 0;
		};
		ED89E32622245270005D93DD /* Sources */ = {
			isa = PBXSourcesBuildPhase;
			buildActionMask = 2147483647;
			files = (
				ED89E32F22245270005D93DD /* ChallengeAppUITests.swift in Sources */,
			);
			runOnlyForDeploymentPostprocessing = 0;
		};
/* End PBXSourcesBuildPhase section */

/* Begin PBXTargetDependency section */
		ED89E32122245270005D93DD /* PBXTargetDependency */ = {
			isa = PBXTargetDependency;
			target = ED89E30A2224526F005D93DD /* ChallengeApp */;
			targetProxy = ED89E32022245270005D93DD /* PBXContainerItemProxy */;
		};
		ED89E32C22245270005D93DD /* PBXTargetDependency */ = {
			isa = PBXTargetDependency;
			target = ED89E30A2224526F005D93DD /* ChallengeApp */;
			targetProxy = ED89E32B22245270005D93DD /* PBXContainerItemProxy */;
		};
/* End PBXTargetDependency section */

/* Begin PBXVariantGroup section */
		ED89E3122224526F005D93DD /* Main.storyboard */ = {
			isa = PBXVariantGroup;
			children = (
				ED89E3132224526F005D93DD /* Base */,
			);
			name = Main.storyboard;
			sourceTree = "<group>";
		};
		ED89E31722245270005D93DD /* LaunchScreen.storyboard */ = {
			isa = PBXVariantGroup;
			children = (
				ED89E31822245270005D93DD /* Base */,
			);
			name = LaunchScreen.storyboard;
			sourceTree = "<group>";
		};
/* End PBXVariantGroup section */

/* Begin XCBuildConfiguration section */
		ED89E33122245270005D93DD /* Debug */ = {
			isa = XCBuildConfiguration;
			buildSettings = {
				ALWAYS_SEARCH_USER_PATHS = NO;
				CLANG_ANALYZER_NONNULL = YES;
				CLANG_ANALYZER_NUMBER_OBJECT_CONVERSION = YES_AGGRESSIVE;
				CLANG_CXX_LANGUAGE_STANDARD = "gnu++14";
				CLANG_CXX_LIBRARY = "libc++";
				CLANG_ENABLE_MODULES = YES;
				CLANG_ENABLE_OBJC_ARC = YES;
				CLANG_ENABLE_OBJC_WEAK = YES;
				CLANG_WARN_BLOCK_CAPTURE_AUTORELEASING = YES;
				CLANG_WARN_BOOL_CONVERSION = YES;
				CLANG_WARN_COMMA = YES;
				CLANG_WARN_CONSTANT_CONVERSION = YES;
				CLANG_WARN_DEPRECATED_OBJC_IMPLEMENTATIONS = YES;
				CLANG_WARN_DIRECT_OBJC_ISA_USAGE = YES_ERROR;
				CLANG_WARN_DOCUMENTATION_COMMENTS = YES;
				CLANG_WARN_EMPTY_BODY = YES;
				CLANG_WARN_ENUM_CONVERSION = YES;
				CLANG_WARN_INFINITE_RECURSION = YES;
				CLANG_WARN_INT_CONVERSION = YES;
				CLANG_WARN_NON_LITERAL_NULL_CONVERSION = YES;
				CLANG_WARN_OBJC_IMPLICIT_RETAIN_SELF = YES;
				CLANG_WARN_OBJC_LITERAL_CONVERSION = YES;
				CLANG_WARN_OBJC_ROOT_CLASS = YES_ERROR;
				CLANG_WARN_RANGE_LOOP_ANALYSIS = YES;
				CLANG_WARN_STRICT_PROTOTYPES = YES;
				CLANG_WARN_SUSPICIOUS_MOVE = YES;
				CLANG_WARN_UNGUARDED_AVAILABILITY = YES_AGGRESSIVE;
				CLANG_WARN_UNREACHABLE_CODE = YES;
				CLANG_WARN__DUPLICATE_METHOD_MATCH = YES;
				CODE_SIGN_IDENTITY = "iPhone Developer";
				COPY_PHASE_STRIP = NO;
				DEBUG_INFORMATION_FORMAT = dwarf;
				ENABLE_STRICT_OBJC_MSGSEND = YES;
				ENABLE_TESTABILITY = YES;
				GCC_C_LANGUAGE_STANDARD = gnu11;
				GCC_DYNAMIC_NO_PIC = NO;
				GCC_NO_COMMON_BLOCKS = YES;
				GCC_OPTIMIZATION_LEVEL = 0;
				GCC_PREPROCESSOR_DEFINITIONS = (
					"DEBUG=1",
					"$(inherited)",
				);
				GCC_WARN_64_TO_32_BIT_CONVERSION = YES;
				GCC_WARN_ABOUT_RETURN_TYPE = YES_ERROR;
				GCC_WARN_UNDECLARED_SELECTOR = YES;
				GCC_WARN_UNINITIALIZED_AUTOS = YES_AGGRESSIVE;
				GCC_WARN_UNUSED_FUNCTION = YES;
				GCC_WARN_UNUSED_VARIABLE = YES;
				IPHONEOS_DEPLOYMENT_TARGET = 12.1;
				MTL_ENABLE_DEBUG_INFO = INCLUDE_SOURCE;
				MTL_FAST_MATH = YES;
				ONLY_ACTIVE_ARCH = YES;
				SDKROOT = iphoneos;
				SWIFT_ACTIVE_COMPILATION_CONDITIONS = DEBUG;
				SWIFT_OPTIMIZATION_LEVEL = "-Onone";
			};
			name = Debug;
		};
		ED89E33222245270005D93DD /* Release */ = {
			isa = XCBuildConfiguration;
			buildSettings = {
				ALWAYS_SEARCH_USER_PATHS = NO;
				CLANG_ANALYZER_NONNULL = YES;
				CLANG_ANALYZER_NUMBER_OBJECT_CONVERSION = YES_AGGRESSIVE;
				CLANG_CXX_LANGUAGE_STANDARD = "gnu++14";
				CLANG_CXX_LIBRARY = "libc++";
				CLANG_ENABLE_MODULES = YES;
				CLANG_ENABLE_OBJC_ARC = YES;
				CLANG_ENABLE_OBJC_WEAK = YES;
				CLANG_WARN_BLOCK_CAPTURE_AUTORELEASING = YES;
				CLANG_WARN_BOOL_CONVERSION = YES;
				CLANG_WARN_COMMA = YES;
				CLANG_WARN_CONSTANT_CONVERSION = YES;
				CLANG_WARN_DEPRECATED_OBJC_IMPLEMENTATIONS = YES;
				CLANG_WARN_DIRECT_OBJC_ISA_USAGE = YES_ERROR;
				CLANG_WARN_DOCUMENTATION_COMMENTS = YES;
				CLANG_WARN_EMPTY_BODY = YES;
				CLANG_WARN_ENUM_CONVERSION = YES;
				CLANG_WARN_INFINITE_RECURSION = YES;
				CLANG_WARN_INT_CONVERSION = YES;
				CLANG_WARN_NON_LITERAL_NULL_CONVERSION = YES;
				CLANG_WARN_OBJC_IMPLICIT_RETAIN_SELF = YES;
				CLANG_WARN_OBJC_LITERAL_CONVERSION = YES;
				CLANG_WARN_OBJC_ROOT_CLASS = YES_ERROR;
				CLANG_WARN_RANGE_LOOP_ANALYSIS = YES;
				CLANG_WARN_STRICT_PROTOTYPES = YES;
				CLANG_WARN_SUSPICIOUS_MOVE = YES;
				CLANG_WARN_UNGUARDED_AVAILABILITY = YES_AGGRESSIVE;
				CLANG_WARN_UNREACHABLE_CODE = YES;
				CLANG_WARN__DUPLICATE_METHOD_MATCH = YES;
				CODE_SIGN_IDENTITY = "iPhone Developer";
				COPY_PHASE_STRIP = NO;
				DEBUG_INFORMATION_FORMAT = "dwarf-with-dsym";
				ENABLE_NS_ASSERTIONS = NO;
				ENABLE_STRICT_OBJC_MSGSEND = YES;
				GCC_C_LANGUAGE_STANDARD = gnu11;
				GCC_NO_COMMON_BLOCKS = YES;
				GCC_WARN_64_TO_32_BIT_CONVERSION = YES;
				GCC_WARN_ABOUT_RETURN_TYPE = YES_ERROR;
				GCC_WARN_UNDECLARED_SELECTOR = YES;
				GCC_WARN_UNINITIALIZED_AUTOS = YES_AGGRESSIVE;
				GCC_WARN_UNUSED_FUNCTION = YES;
				GCC_WARN_UNUSED_VARIABLE = YES;
				IPHONEOS_DEPLOYMENT_TARGET = 12.1;
				MTL_ENABLE_DEBUG_INFO = NO;
				MTL_FAST_MATH = YES;
				SDKROOT = iphoneos;
				SWIFT_COMPILATION_MODE = wholemodule;
				SWIFT_OPTIMIZATION_LEVEL = "-O";
				VALIDATE_PRODUCT = YES;
			};
			name = Release;
		};
		ED89E33422245270005D93DD /* Debug */ = {
			isa = XCBuildConfiguration;
			baseConfigurationReference = 81A4B63F63A13C5D6FBFEB98 /* Pods-ChallengeApp.debug.xcconfig */;
			buildSettings = {
				ASSETCATALOG_COMPILER_APPICON_NAME = AppIcon;
				CODE_SIGN_STYLE = Automatic;
				INFOPLIST_FILE = ChallengeApp/Info.plist;
				LD_RUNPATH_SEARCH_PATHS = (
					"$(inherited)",
					"@executable_path/Frameworks",
				);
				PRODUCT_BUNDLE_IDENTIFIER = com.hotmart.ChallengeApp;
				PRODUCT_NAME = "$(TARGET_NAME)";
				SWIFT_VERSION = 4.2;
				TARGETED_DEVICE_FAMILY = "1,2";
			};
			name = Debug;
		};
		ED89E33522245270005D93DD /* Release */ = {
			isa = XCBuildConfiguration;
			baseConfigurationReference = E76328F7280F4540A928DAD7 /* Pods-ChallengeApp.release.xcconfig */;
			buildSettings = {
				ASSETCATALOG_COMPILER_APPICON_NAME = AppIcon;
				CODE_SIGN_STYLE = Automatic;
				INFOPLIST_FILE = ChallengeApp/Info.plist;
				LD_RUNPATH_SEARCH_PATHS = (
					"$(inherited)",
					"@executable_path/Frameworks",
				);
				PRODUCT_BUNDLE_IDENTIFIER = com.hotmart.ChallengeApp;
				PRODUCT_NAME = "$(TARGET_NAME)";
				SWIFT_VERSION = 4.2;
				TARGETED_DEVICE_FAMILY = "1,2";
			};
			name = Release;
		};
		ED89E33722245270005D93DD /* Debug */ = {
			isa = XCBuildConfiguration;
			buildSettings = {
				ALWAYS_EMBED_SWIFT_STANDARD_LIBRARIES = YES;
				BUNDLE_LOADER = "$(TEST_HOST)";
				CODE_SIGN_STYLE = Automatic;
				INFOPLIST_FILE = ChallengeAppTests/Info.plist;
				LD_RUNPATH_SEARCH_PATHS = (
					"$(inherited)",
					"@executable_path/Frameworks",
					"@loader_path/Frameworks",
				);
				PRODUCT_BUNDLE_IDENTIFIER = com.hotmart.ChallengeAppTests;
				PRODUCT_NAME = "$(TARGET_NAME)";
				SWIFT_VERSION = 4.2;
				TARGETED_DEVICE_FAMILY = "1,2";
				TEST_HOST = "$(BUILT_PRODUCTS_DIR)/ChallengeApp.app/ChallengeApp";
			};
			name = Debug;
		};
		ED89E33822245270005D93DD /* Release */ = {
			isa = XCBuildConfiguration;
			buildSettings = {
				ALWAYS_EMBED_SWIFT_STANDARD_LIBRARIES = YES;
				BUNDLE_LOADER = "$(TEST_HOST)";
				CODE_SIGN_STYLE = Automatic;
				INFOPLIST_FILE = ChallengeAppTests/Info.plist;
				LD_RUNPATH_SEARCH_PATHS = (
					"$(inherited)",
					"@executable_path/Frameworks",
					"@loader_path/Frameworks",
				);
				PRODUCT_BUNDLE_IDENTIFIER = com.hotmart.ChallengeAppTests;
				PRODUCT_NAME = "$(TARGET_NAME)";
				SWIFT_VERSION = 4.2;
				TARGETED_DEVICE_FAMILY = "1,2";
				TEST_HOST = "$(BUILT_PRODUCTS_DIR)/ChallengeApp.app/ChallengeApp";
			};
			name = Release;
		};
		ED89E33A22245270005D93DD /* Debug */ = {
			isa = XCBuildConfiguration;
			buildSettings = {
				ALWAYS_EMBED_SWIFT_STANDARD_LIBRARIES = YES;
				CODE_SIGN_STYLE = Automatic;
				INFOPLIST_FILE = ChallengeAppUITests/Info.plist;
				LD_RUNPATH_SEARCH_PATHS = (
					"$(inherited)",
					"@executable_path/Frameworks",
					"@loader_path/Frameworks",
				);
				PRODUCT_BUNDLE_IDENTIFIER = com.hotmart.ChallengeAppUITests;
				PRODUCT_NAME = "$(TARGET_NAME)";
				SWIFT_VERSION = 4.2;
				TARGETED_DEVICE_FAMILY = "1,2";
				TEST_TARGET_NAME = ChallengeApp;
			};
			name = Debug;
		};
		ED89E33B22245270005D93DD /* Release */ = {
			isa = XCBuildConfiguration;
			buildSettings = {
				ALWAYS_EMBED_SWIFT_STANDARD_LIBRARIES = YES;
				CODE_SIGN_STYLE = Automatic;
				INFOPLIST_FILE = ChallengeAppUITests/Info.plist;
				LD_RUNPATH_SEARCH_PATHS = (
					"$(inherited)",
					"@executable_path/Frameworks",
					"@loader_path/Frameworks",
				);
				PRODUCT_BUNDLE_IDENTIFIER = com.hotmart.ChallengeAppUITests;
				PRODUCT_NAME = "$(TARGET_NAME)";
				SWIFT_VERSION = 4.2;
				TARGETED_DEVICE_FAMILY = "1,2";
				TEST_TARGET_NAME = ChallengeApp;
			};
			name = Release;
		};
/* End XCBuildConfiguration section */

/* Begin XCConfigurationList section */
		ED89E3062224526F005D93DD /* Build configuration list for PBXProject "ChallengeApp" */ = {
			isa = XCConfigurationList;
			buildConfigurations = (
				ED89E33122245270005D93DD /* Debug */,
				ED89E33222245270005D93DD /* Release */,
			);
			defaultConfigurationIsVisible = 0;
			defaultConfigurationName = Release;
		};
		ED89E33322245270005D93DD /* Build configuration list for PBXNativeTarget "ChallengeApp" */ = {
			isa = XCConfigurationList;
			buildConfigurations = (
				ED89E33422245270005D93DD /* Debug */,
				ED89E33522245270005D93DD /* Release */,
			);
			defaultConfigurationIsVisible = 0;
			defaultConfigurationName = Release;
		};
		ED89E33622245270005D93DD /* Build configuration list for PBXNativeTarget "ChallengeAppTests" */ = {
			isa = XCConfigurationList;
			buildConfigurations = (
				ED89E33722245270005D93DD /* Debug */,
				ED89E33822245270005D93DD /* Release */,
			);
			defaultConfigurationIsVisible = 0;
			defaultConfigurationName = Release;
		};
		ED89E33922245270005D93DD /* Build configuration list for PBXNativeTarget "ChallengeAppUITests" */ = {
			isa = XCConfigurationList;
			buildConfigurations = (
				ED89E33A22245270005D93DD /* Debug */,
				ED89E33B22245270005D93DD /* Release */,
			);
			defaultConfigurationIsVisible = 0;
			defaultConfigurationName = Release;
		};
/* End XCConfigurationList section */
	};
	rootObject = ED89E3032224526F005D93DD /* Project object */;
}
