// !$*UTF8*$!
{
	archiveVersion = 1;
	classes = {
	};
	objectVersion = 50;
	objects = {

/* Begin PBXBuildFile section */
		ED89E30F2224526F005D93DD /* AppDelegate.swift in Sources */ = {isa = PBXBuildFile; fileRef = ED89E30E2224526F005D93DD /* AppDelegate.swift */; };
		ED89E3112224526F005D93DD /* ViewController.swift in Sources */ = {isa = PBXBuildFile; fileRef = ED89E3102224526F005D93DD /* ViewController.swift */; };
		ED89E3142224526F005D93DD /* Main.storyboard in Resources */ = {isa = PBXBuildFile; fileRef = ED89E3122224526F005D93DD /* Main.storyboard */; };
		ED89E31622245270005D93DD /* Assets.xcassets in Resources */ = {isa = PBXBuildFile; fileRef = ED89E31522245270005D93DD /* Assets.xcassets */; };
		ED89E31922245270005D93DD /* LaunchScreen.storyboard in Resources */ = {isa = PBXBuildFile; fileRef = ED89E31722245270005D93DD /* LaunchScreen.storyboard */; };
		ED89E32422245270005D93DD /* ChallengeAppTests.swift in Sources */ = {isa = PBXBuildFile; fileRef = ED89E32322245270005D93DD /* ChallengeAppTests.swift */; };
		ED89E32F22245270005D93DD /* ChallengeAppUITests.swift in Sources */ = {isa = PBXBuildFile; fileRef = ED89E32E22245270005D93DD /* ChallengeAppUITests.swift */; };
/* End PBXBuildFile section */

/* Begin PBXContainerItemProxy section */
		ED89E32022245270005D93DD /* PBXContainerItemProxy */ = {
			isa = PBXContainerItemProxy;
			containerPortal = ED89E3032224526F005D93DD /* Project object */;
			proxyType = 1;
			remoteGlobalIDString = ED89E30A2224526F005D93DD;
			remoteInfo = ChallengeApp;
		};
		ED89E32B22245270005D93DD /* PBXContainerItemProxy */ = {
			isa = PBXContainerItemProxy;
			containerPortal = ED89E3032224526F005D93DD /* Project object */;
			proxyType = 1;
			remoteGlobalIDString = ED89E30A2224526F005D93DD;
			remoteInfo = ChallengeApp;
		};
/* End PBXContainerItemProxy section */

/* Begin PBXFileReference section */
		ED89E30B2224526F005D93DD /* ChallengeApp.app */ = {isa = PBXFileReference; explicitFileType = wrapper.application; includeInIndex = 0; path = ChallengeApp.app; sourceTree = BUILT_PRODUCTS_DIR; };
		ED89E30E2224526F005D93DD /* AppDelegate.swift */ = {isa = PBXFileReference; lastKnownFileType = sourcecode.swift; path = AppDelegate.swift; sourceTree = "<group>"; };
		ED89E3102224526F005D93DD /* ViewController.swift */ = {isa = PBXFileReference; lastKnownFileType = sourcecode.swift; path = ViewController.swift; sourceTree = "<group>"; };
		ED89E3132224526F005D93DD /* Base */ = {isa = PBXFileReference; lastKnownFileType = file.storyboard; name = Base; path = Base.lproj/Main.storyboard; sourceTree = "<group>"; };
		ED89E31522245270005D93DD /* Assets.xcassets */ = {isa = PBXFileReference; lastKnownFileType = folder.assetcatalog; path = Assets.xcassets; sourceTree = "<group>"; };
		ED89E31822245270005D93DD /* Base */ = {isa = PBXFileReference; lastKnownFileType = file.storyboard; name = Base; path = Base.lproj/LaunchScreen.storyboard; sourceTree = "<group>"; };
		ED89E31A22245270005D93DD /* Info.plist */ = {isa = PBXFileReference; lastKnownFileType = text.plist.xml; path = Info.plist; sourceTree = "<group>"; };
		ED89E31F22245270005D93DD /* ChallengeAppTests.xctest */ = {isa = PBXFileReference; explicitFileType = wrapper.cfbundle; includeInIndex = 0; path = ChallengeAppTests.xctest; sourceTree = BUILT_PRODUCTS_DIR; };
		ED89E32322245270005D93DD /* ChallengeAppTests.swift */ = {isa = PBXFileReference; lastKnownFileType = sourcecode.swift; path = ChallengeAppTests.swift; sourceTree = "<group>"; };
		ED89E32522245270005D93DD /* Info.plist */ = {isa = PBXFileReference; lastKnownFileType = text.plist.xml; path = Info.plist; sourceTree = "<group>"; };
		ED89E32A22245270005D93DD /* ChallengeAppUITests.xctest */ = {isa = PBXFileReference; explicitFileType = wrapper.cfbundle; includeInIndex = 0; path = ChallengeAppUITests.xctest; sourceTree = BUILT_PRODUCTS_DIR; };
		ED89E32E22245270005D93DD /* ChallengeAppUITests.swift */ = {isa = PBXFileReference; lastKnownFileType = sourcecode.swift; path = ChallengeAppUITests.swift; sourceTree = "<group>"; };
		ED89E33022245270005D93DD /* Info.plist */ = {isa = PBXFileReference; lastKnownFileType = text.plist.xml; path = Info.plist; sourceTree = "<group>"; };
/* End PBXFileReference section */

/* Begin PBXFrameworksBuildPhase section */
		ED89E3082224526F005D93DD /* Frameworks */ = {
			isa = PBXFrameworksBuildPhase;
			buildActionMask = 2147483647;
			files = (
			);
			runOnlyForDeploymentPostprocessing = 0;
		};
		ED89E31C22245270005D93DD /* Frameworks */ = {
			isa = PBXFrameworksBuildPhase;
			buildActionMask = 2147483647;
			files = (
			);
			runOnlyForDeploymentPostprocessing = 0;
		};
		ED89E32722245270005D93DD /* Frameworks */ = {
			isa = PBXFrameworksBuildPhase;
			buildActionMask = 2147483647;
			files = (
			);
			runOnlyForDeploymentPostprocessing = 0;
		};
/* End PBXFrameworksBuildPhase section */

/* Begin PBXGroup section */
		ED89E3022224526F005D93DD = {
			isa = PBXGroup;
			children = (
				ED89E30D2224526F005D93DD /* ChallengeApp */,
				ED89E32222245270005D93DD /* ChallengeAppTests */,
				ED89E32D22245270005D93DD /* ChallengeAppUITests */,
				ED89E30C2224526F005D93DD /* Products */,
			);
			sourceTree = "<group>";
		};
		ED89E30C2224526F005D93DD /* Products */ = {
			isa = PBXGroup;
			children = (
				ED89E30B2224526F005D93DD /* ChallengeApp.app */,
				ED89E31F22245270005D93DD /* ChallengeAppTests.xctest */,
				ED89E32A22245270005D93DD /* ChallengeAppUITests.xctest */,
			);
			name = Products;
			sourceTree = "<group>";
		};
		ED89E30D2224526F005D93DD /* ChallengeApp */ = {
			isa = PBXGroup;
			children = (
				ED89E30E2224526F005D93DD /* AppDelegate.swift */,
				ED89E3102224526F005D93DD /* ViewController.swift */,
				ED89E3122224526F005D93DD /* Main.storyboard */,
				ED89E31522245270005D93DD /* Assets.xcassets */,
				ED89E31722245270005D93DD /* LaunchScreen.storyboard */,
				ED89E31A22245270005D93DD /* Info.plist */,
			);
			path = ChallengeApp;
			sourceTree = "<group>";
		};
		ED89E32222245270005D93DD /* ChallengeAppTests */ = {
			isa = PBXGroup;
			children = (
				ED89E32322245270005D93DD /* ChallengeAppTests.swift */,
				ED89E32522245270005D93DD /* Info.plist */,
			);
			path = ChallengeAppTests;
			sourceTree = "<group>";
		};
		ED89E32D22245270005D93DD /* ChallengeAppUITests */ = {
			isa = PBXGroup;
			children = (
				ED89E32E22245270005D93DD /* ChallengeAppUITests.swift */,
				ED89E33022245270005D93DD /* Info.plist */,
			);
			path = ChallengeAppUITests;
			sourceTree = "<group>";
		};
/* End PBXGroup section */

/* Begin PBXNativeTarget section */
		ED89E30A2224526F005D93DD /* ChallengeApp */ = {
			isa = PBXNativeTarget;
			buildConfigurationList = ED89E33322245270005D93DD /* Build configuration list for PBXNativeTarget "ChallengeApp" */;
			buildPhases = (
				ED89E3072224526F005D93DD /* Sources */,
				ED89E3082224526F005D93DD /* Frameworks */,
				ED89E3092224526F005D93DD /* Resources */,
			);
			buildRules = (
			);
			dependencies = (
			);
			name = ChallengeApp;
			productName = ChallengeApp;
			productReference = ED89E30B2224526F005D93DD /* ChallengeApp.app */;
			productType = "com.apple.product-type.application";
		};
		ED89E31E22245270005D93DD /* ChallengeAppTests */ = {
			isa = PBXNativeTarget;
			buildConfigurationList = ED89E33622245270005D93DD /* Build configuration list for PBXNativeTarget "ChallengeAppTests" */;
			buildPhases = (
				ED89E31B22245270005D93DD /* Sources */,
				ED89E31C22245270005D93DD /* Frameworks */,
				ED89E31D22245270005D93DD /* Resources */,
			);
			buildRules = (
			);
			dependencies = (
				ED89E32122245270005D93DD /* PBXTargetDependency */,
			);
			name = ChallengeAppTests;
			productName = ChallengeAppTests;
			productReference = ED89E31F22245270005D93DD /* ChallengeAppTests.xctest */;
			productType = "com.apple.product-type.bundle.unit-test";
		};
		ED89E32922245270005D93DD /* ChallengeAppUITests */ = {
			isa = PBXNativeTarget;
			buildConfigurationList = ED89E33922245270005D93DD /* Build configuration list for PBXNativeTarget "ChallengeAppUITests" */;
			buildPhases = (
				ED89E32622245270005D93DD /* Sources */,
				ED89E32722245270005D93DD /* Frameworks */,
				ED89E32822245270005D93DD /* Resources */,
			);
			buildRules = (
			);
			dependencies = (
				ED89E32C22245270005D93DD /* PBXTargetDependency */,
			);
			name = ChallengeAppUITests;
			productName = ChallengeAppUITests;
			productReference = ED89E32A22245270005D93DD /* ChallengeAppUITests.xctest */;
			productType = "com.apple.product-type.bundle.ui-testing";
		};
/* End PBXNativeTarget section */

/* Begin PBXProject section */
		ED89E3032224526F005D93DD /* Project object */ = {
			isa = PBXProject;
			attributes = {
				LastSwiftUpdateCheck = 1010;
				LastUpgradeCheck = 1010;
				ORGANIZATIONNAME = "Ana Leticia Camargos";
				TargetAttributes = {
					ED89E30A2224526F005D93DD = {
						CreatedOnToolsVersion = 10.1;
					};
					ED89E31E22245270005D93DD = {
						CreatedOnToolsVersion = 10.1;
						TestTargetID = ED89E30A2224526F005D93DD;
					};
					ED89E32922245270005D93DD = {
						CreatedOnToolsVersion = 10.1;
						TestTargetID = ED89E30A2224526F005D93DD;
					};
				};
			};
			buildConfigurationList = ED89E3062224526F005D93DD /* Build configuration list for PBXProject "ChallengeApp" */;
			compatibilityVersion = "Xcode 9.3";
			developmentRegion = en;
			hasScannedForEncodings = 0;
			knownRegions = (
				en,
				Base,
			);
			mainGroup = ED89E3022224526F005D93DD;
			productRefGroup = ED89E30C2224526F005D93DD /* Products */;
			projectDirPath = "";
			projectRoot = "";
			targets = (
				ED89E30A2224526F005D93DD /* ChallengeApp */,
				ED89E31E22245270005D93DD /* ChallengeAppTests */,
				ED89E32922245270005D93DD /* ChallengeAppUITests */,
			);
		};
/* End PBXProject section */

/* Begin PBXResourcesBuildPhase section */
		ED89E3092224526F005D93DD /* Resources */ = {
			isa = PBXResourcesBuildPhase;
			buildActionMask = 2147483647;
			files = (
				ED89E31922245270005D93DD /* LaunchScreen.storyboard in Resources */,
				ED89E31622245270005D93DD /* Assets.xcassets in Resources */,
				ED89E3142224526F005D93DD /* Main.storyboard in Resources */,
			);
			runOnlyForDeploymentPostprocessing = 0;
		};
		ED89E31D22245270005D93DD /* Resources */ = {
			isa = PBXResourcesBuildPhase;
			buildActionMask = 2147483647;
			files = (
			);
			runOnlyForDeploymentPostprocessing = 0;
		};
		ED89E32822245270005D93DD /* Resources */ = {
			isa = PBXResourcesBuildPhase;
			buildActionMask = 2147483647;
			files = (
			);
			runOnlyForDeploymentPostprocessing = 0;
		};
/* End PBXResourcesBuildPhase section */

/* Begin PBXSourcesBuildPhase section */
		ED89E3072224526F005D93DD /* Sources */ = {
			isa = PBXSourcesBuildPhase;
			buildActionMask = 2147483647;
			files = (
				ED89E3112224526F005D93DD /* ViewController.swift in Sources */,
				ED89E30F2224526F005D93DD /* AppDelegate.swift in Sources */,
			);
			runOnlyForDeploymentPostprocessing = 0;
		};
		ED89E31B22245270005D93DD /* Sources */ = {
			isa = PBXSourcesBuildPhase;
			buildActionMask = 2147483647;
			files = (
				ED89E32422245270005D93DD /* ChallengeAppTests.swift in Sources */,
			);
			runOnlyForDeploymentPostprocessing = 0;
		};
		ED89E32622245270005D93DD /* Sources */ = {
			isa = PBXSourcesBuildPhase;
			buildActionMask = 2147483647;
			files = (
				ED89E32F22245270005D93DD /* ChallengeAppUITests.swift in Sources */,
			);
			runOnlyForDeploymentPostprocessing = 0;
		};
/* End PBXSourcesBuildPhase section */

/* Begin PBXTargetDependency section */
		ED89E32122245270005D93DD /* PBXTargetDependency */ = {
			isa = PBXTargetDependency;
			target = ED89E30A2224526F005D93DD /* ChallengeApp */;
			targetProxy = ED89E32022245270005D93DD /* PBXContainerItemProxy */;
		};
		ED89E32C22245270005D93DD /* PBXTargetDependency */ = {
			isa = PBXTargetDependency;
			target = ED89E30A2224526F005D93DD /* ChallengeApp */;
			targetProxy = ED89E32B22245270005D93DD /* PBXContainerItemProxy */;
		};
/* End PBXTargetDependency section */

/* Begin PBXVariantGroup section */
		ED89E3122224526F005D93DD /* Main.storyboard */ = {
			isa = PBXVariantGroup;
			children = (
				ED89E3132224526F005D93DD /* Base */,
			);
			name = Main.storyboard;
			sourceTree = "<group>";
		};
		ED89E31722245270005D93DD /* LaunchScreen.storyboard */ = {
			isa = PBXVariantGroup;
			children = (
				ED89E31822245270005D93DD /* Base */,
			);
			name = LaunchScreen.storyboard;
			sourceTree = "<group>";
		};
/* End PBXVariantGroup section */

/* Begin XCBuildConfiguration section */
		ED89E33122245270005D93DD /* Debug */ = {
			isa = XCBuildConfiguration;
			buildSettings = {
				ALWAYS_SEARCH_USER_PATHS = NO;
				CLANG_ANALYZER_NONNULL = YES;
				CLANG_ANALYZER_NUMBER_OBJECT_CONVERSION = YES_AGGRESSIVE;
				CLANG_CXX_LANGUAGE_STANDARD = "gnu++14";
				CLANG_CXX_LIBRARY = "libc++";
				CLANG_ENABLE_MODULES = YES;
				CLANG_ENABLE_OBJC_ARC = YES;
				CLANG_ENABLE_OBJC_WEAK = YES;
				CLANG_WARN_BLOCK_CAPTURE_AUTORELEASING = YES;
				CLANG_WARN_BOOL_CONVERSION = YES;
				CLANG_WARN_COMMA = YES;
				CLANG_WARN_CONSTANT_CONVERSION = YES;
				CLANG_WARN_DEPRECATED_OBJC_IMPLEMENTATIONS = YES;
				CLANG_WARN_DIRECT_OBJC_ISA_USAGE = YES_ERROR;
				CLANG_WARN_DOCUMENTATION_COMMENTS = YES;
				CLANG_WARN_EMPTY_BODY = YES;
				CLANG_WARN_ENUM_CONVERSION = YES;
				CLANG_WARN_INFINITE_RECURSION = YES;
				CLANG_WARN_INT_CONVERSION = YES;
				CLANG_WARN_NON_LITERAL_NULL_CONVERSION = YES;
				CLANG_WARN_OBJC_IMPLICIT_RETAIN_SELF = YES;
				CLANG_WARN_OBJC_LITERAL_CONVERSION = YES;
				CLANG_WARN_OBJC_ROOT_CLASS = YES_ERROR;
				CLANG_WARN_RANGE_LOOP_ANALYSIS = YES;
				CLANG_WARN_STRICT_PROTOTYPES = YES;
				CLANG_WARN_SUSPICIOUS_MOVE = YES;
				CLANG_WARN_UNGUARDED_AVAILABILITY = YES_AGGRESSIVE;
				CLANG_WARN_UNREACHABLE_CODE = YES;
				CLANG_WARN__DUPLICATE_METHOD_MATCH = YES;
				CODE_SIGN_IDENTITY = "iPhone Developer";
				COPY_PHASE_STRIP = NO;
				DEBUG_INFORMATION_FORMAT = dwarf;
				ENABLE_STRICT_OBJC_MSGSEND = YES;
				ENABLE_TESTABILITY = YES;
				GCC_C_LANGUAGE_STANDARD = gnu11;
				GCC_DYNAMIC_NO_PIC = NO;
				GCC_NO_COMMON_BLOCKS = YES;
				GCC_OPTIMIZATION_LEVEL = 0;
				GCC_PREPROCESSOR_DEFINITIONS = (
					"DEBUG=1",
					"$(inherited)",
				);
				GCC_WARN_64_TO_32_BIT_CONVERSION = YES;
				GCC_WARN_ABOUT_RETURN_TYPE = YES_ERROR;
				GCC_WARN_UNDECLARED_SELECTOR = YES;
				GCC_WARN_UNINITIALIZED_AUTOS = YES_AGGRESSIVE;
				GCC_WARN_UNUSED_FUNCTION = YES;
				GCC_WARN_UNUSED_VARIABLE = YES;
				IPHONEOS_DEPLOYMENT_TARGET = 12.1;
				MTL_ENABLE_DEBUG_INFO = INCLUDE_SOURCE;
				MTL_FAST_MATH = YES;
				ONLY_ACTIVE_ARCH = YES;
				SDKROOT = iphoneos;
				SWIFT_ACTIVE_COMPILATION_CONDITIONS = DEBUG;
				SWIFT_OPTIMIZATION_LEVEL = "-Onone";
			};
			name = Debug;
		};
		ED89E33222245270005D93DD /* Release */ = {
			isa = XCBuildConfiguration;
			buildSettings = {
				ALWAYS_SEARCH_USER_PATHS = NO;
				CLANG_ANALYZER_NONNULL = YES;
				CLANG_ANALYZER_NUMBER_OBJECT_CONVERSION = YES_AGGRESSIVE;
				CLANG_CXX_LANGUAGE_STANDARD = "gnu++14";
				CLANG_CXX_LIBRARY = "libc++";
				CLANG_ENABLE_MODULES = YES;
				CLANG_ENABLE_OBJC_ARC = YES;
				CLANG_ENABLE_OBJC_WEAK = YES;
				CLANG_WARN_BLOCK_CAPTURE_AUTORELEASING = YES;
				CLANG_WARN_BOOL_CONVERSION = YES;
				CLANG_WARN_COMMA = YES;
				CLANG_WARN_CONSTANT_CONVERSION = YES;
				CLANG_WARN_DEPRECATED_OBJC_IMPLEMENTATIONS = YES;
				CLANG_WARN_DIRECT_OBJC_ISA_USAGE = YES_ERROR;
				CLANG_WARN_DOCUMENTATION_COMMENTS = YES;
				CLANG_WARN_EMPTY_BODY = YES;
				CLANG_WARN_ENUM_CONVERSION = YES;
				CLANG_WARN_INFINITE_RECURSION = YES;
				CLANG_WARN_INT_CONVERSION = YES;
				CLANG_WARN_NON_LITERAL_NULL_CONVERSION = YES;
				CLANG_WARN_OBJC_IMPLICIT_RETAIN_SELF = YES;
				CLANG_WARN_OBJC_LITERAL_CONVERSION = YES;
				CLANG_WARN_OBJC_ROOT_CLASS = YES_ERROR;
				CLANG_WARN_RANGE_LOOP_ANALYSIS = YES;
				CLANG_WARN_STRICT_PROTOTYPES = YES;
				CLANG_WARN_SUSPICIOUS_MOVE = YES;
				CLANG_WARN_UNGUARDED_AVAILABILITY = YES_AGGRESSIVE;
				CLANG_WARN_UNREACHABLE_CODE = YES;
				CLANG_WARN__DUPLICATE_METHOD_MATCH = YES;
				CODE_SIGN_IDENTITY = "iPhone Developer";
				COPY_PHASE_STRIP = NO;
				DEBUG_INFORMATION_FORMAT = "dwarf-with-dsym";
				ENABLE_NS_ASSERTIONS = NO;
				ENABLE_STRICT_OBJC_MSGSEND = YES;
				GCC_C_LANGUAGE_STANDARD = gnu11;
				GCC_NO_COMMON_BLOCKS = YES;
				GCC_WARN_64_TO_32_BIT_CONVERSION = YES;
				GCC_WARN_ABOUT_RETURN_TYPE = YES_ERROR;
				GCC_WARN_UNDECLARED_SELECTOR = YES;
				GCC_WARN_UNINITIALIZED_AUTOS = YES_AGGRESSIVE;
				GCC_WARN_UNUSED_FUNCTION = YES;
				GCC_WARN_UNUSED_VARIABLE = YES;
				IPHONEOS_DEPLOYMENT_TARGET = 12.1;
				MTL_ENABLE_DEBUG_INFO = NO;
				MTL_FAST_MATH = YES;
				SDKROOT = iphoneos;
				SWIFT_COMPILATION_MODE = wholemodule;
				SWIFT_OPTIMIZATION_LEVEL = "-O";
				VALIDATE_PRODUCT = YES;
			};
			name = Release;
		};
		ED89E33422245270005D93DD /* Debug */ = {
			isa = XCBuildConfiguration;
			buildSettings = {
				ASSETCATALOG_COMPILER_APPICON_NAME = AppIcon;
				CODE_SIGN_STYLE = Automatic;
				INFOPLIST_FILE = ChallengeApp/Info.plist;
				LD_RUNPATH_SEARCH_PATHS = (
					"$(inherited)",
					"@executable_path/Frameworks",
				);
				PRODUCT_BUNDLE_IDENTIFIER = com.hotmart.ChallengeApp;
				PRODUCT_NAME = "$(TARGET_NAME)";
				SWIFT_VERSION = 4.2;
				TARGETED_DEVICE_FAMILY = "1,2";
			};
			name = Debug;
		};
		ED89E33522245270005D93DD /* Release */ = {
			isa = XCBuildConfiguration;
			buildSettings = {
				ASSETCATALOG_COMPILER_APPICON_NAME = AppIcon;
				CODE_SIGN_STYLE = Automatic;
				INFOPLIST_FILE = ChallengeApp/Info.plist;
				LD_RUNPATH_SEARCH_PATHS = (
					"$(inherited)",
					"@executable_path/Frameworks",
				);
				PRODUCT_BUNDLE_IDENTIFIER = com.hotmart.ChallengeApp;
				PRODUCT_NAME = "$(TARGET_NAME)";
				SWIFT_VERSION = 4.2;
				TARGETED_DEVICE_FAMILY = "1,2";
			};
			name = Release;
		};
		ED89E33722245270005D93DD /* Debug */ = {
			isa = XCBuildConfiguration;
			buildSettings = {
				ALWAYS_EMBED_SWIFT_STANDARD_LIBRARIES = YES;
				BUNDLE_LOADER = "$(TEST_HOST)";
				CODE_SIGN_STYLE = Automatic;
				INFOPLIST_FILE = ChallengeAppTests/Info.plist;
				LD_RUNPATH_SEARCH_PATHS = (
					"$(inherited)",
					"@executable_path/Frameworks",
					"@loader_path/Frameworks",
				);
				PRODUCT_BUNDLE_IDENTIFIER = com.hotmart.ChallengeAppTests;
				PRODUCT_NAME = "$(TARGET_NAME)";
				SWIFT_VERSION = 4.2;
				TARGETED_DEVICE_FAMILY = "1,2";
				TEST_HOST = "$(BUILT_PRODUCTS_DIR)/ChallengeApp.app/ChallengeApp";
			};
			name = Debug;
		};
		ED89E33822245270005D93DD /* Release */ = {
			isa = XCBuildConfiguration;
			buildSettings = {
				ALWAYS_EMBED_SWIFT_STANDARD_LIBRARIES = YES;
				BUNDLE_LOADER = "$(TEST_HOST)";
				CODE_SIGN_STYLE = Automatic;
				INFOPLIST_FILE = ChallengeAppTests/Info.plist;
				LD_RUNPATH_SEARCH_PATHS = (
					"$(inherited)",
					"@executable_path/Frameworks",
					"@loader_path/Frameworks",
				);
				PRODUCT_BUNDLE_IDENTIFIER = com.hotmart.ChallengeAppTests;
				PRODUCT_NAME = "$(TARGET_NAME)";
				SWIFT_VERSION = 4.2;
				TARGETED_DEVICE_FAMILY = "1,2";
				TEST_HOST = "$(BUILT_PRODUCTS_DIR)/ChallengeApp.app/ChallengeApp";
			};
			name = Release;
		};
		ED89E33A22245270005D93DD /* Debug */ = {
			isa = XCBuildConfiguration;
			buildSettings = {
				ALWAYS_EMBED_SWIFT_STANDARD_LIBRARIES = YES;
				CODE_SIGN_STYLE = Automatic;
				INFOPLIST_FILE = ChallengeAppUITests/Info.plist;
				LD_RUNPATH_SEARCH_PATHS = (
					"$(inherited)",
					"@executable_path/Frameworks",
					"@loader_path/Frameworks",
				);
				PRODUCT_BUNDLE_IDENTIFIER = com.hotmart.ChallengeAppUITests;
				PRODUCT_NAME = "$(TARGET_NAME)";
				SWIFT_VERSION = 4.2;
				TARGETED_DEVICE_FAMILY = "1,2";
				TEST_TARGET_NAME = ChallengeApp;
			};
			name = Debug;
		};
		ED89E33B22245270005D93DD /* Release */ = {
			isa = XCBuildConfiguration;
			buildSettings = {
				ALWAYS_EMBED_SWIFT_STANDARD_LIBRARIES = YES;
				CODE_SIGN_STYLE = Automatic;
				INFOPLIST_FILE = ChallengeAppUITests/Info.plist;
				LD_RUNPATH_SEARCH_PATHS = (
					"$(inherited)",
					"@executable_path/Frameworks",
					"@loader_path/Frameworks",
				);
				PRODUCT_BUNDLE_IDENTIFIER = com.hotmart.ChallengeAppUITests;
				PRODUCT_NAME = "$(TARGET_NAME)";
				SWIFT_VERSION = 4.2;
				TARGETED_DEVICE_FAMILY = "1,2";
				TEST_TARGET_NAME = ChallengeApp;
			};
			name = Release;
		};
/* End XCBuildConfiguration section */

/* Begin XCConfigurationList section */
		ED89E3062224526F005D93DD /* Build configuration list for PBXProject "ChallengeApp" */ = {
			isa = XCConfigurationList;
			buildConfigurations = (
				ED89E33122245270005D93DD /* Debug */,
				ED89E33222245270005D93DD /* Release */,
			);
			defaultConfigurationIsVisible = 0;
			defaultConfigurationName = Release;
		};
		ED89E33322245270005D93DD /* Build configuration list for PBXNativeTarget "ChallengeApp" */ = {
			isa = XCConfigurationList;
			buildConfigurations = (
				ED89E33422245270005D93DD /* Debug */,
				ED89E33522245270005D93DD /* Release */,
			);
			defaultConfigurationIsVisible = 0;
			defaultConfigurationName = Release;
		};
		ED89E33622245270005D93DD /* Build configuration list for PBXNativeTarget "ChallengeAppTests" */ = {
			isa = XCConfigurationList;
			buildConfigurations = (
				ED89E33722245270005D93DD /* Debug */,
				ED89E33822245270005D93DD /* Release */,
			);
			defaultConfigurationIsVisible = 0;
			defaultConfigurationName = Release;
		};
		ED89E33922245270005D93DD /* Build configuration list for PBXNativeTarget "ChallengeAppUITests" */ = {
			isa = XCConfigurationList;
			buildConfigurations = (
				ED89E33A22245270005D93DD /* Debug */,
				ED89E33B22245270005D93DD /* Release */,
			);
			defaultConfigurationIsVisible = 0;
			defaultConfigurationName = Release;
		};
/* End XCConfigurationList section */
	};
	rootObject = ED89E3032224526F005D93DD /* Project object */;
}
